
Microsoft Visual Studio Solution File, Format Version 12.00
# Visual Studio Version 17
VisualStudioVersion = 17.4.33205.214
MinimumVisualStudioVersion = 10.0.40219.1
Project("{FAE04EC0-301F-11D3-BF4B-00C04F79EFBC}") = "Danea_Gabriel_Lab11", "Danea_Gabriel_Lab11.csproj", "{E409750D-7601-46F6-AA6E-DF5786FB7AFA}"
EndProject
Project("{2150E333-8FDC-42A3-9474-1A3956D46DE8}") = "Solution Items", "Solution Items", "{544CC48E-C755-452B-BE6B-3A7D6DB4E635}"
	ProjectSection(SolutionItems) = preProject
		.editorconfig = .editorconfig
	EndProjectSection
EndProject
Global
	GlobalSection(SolutionConfigurationPlatforms) = preSolution
		Debug|Any CPU = Debug|Any CPU
		Release|Any CPU = Release|Any CPU
	EndGlobalSection
	GlobalSection(ProjectConfigurationPlatforms) = postSolution
		{E409750D-7601-46F6-AA6E-DF5786FB7AFA}.Debug|Any CPU.ActiveCfg = Debug|Any CPU
		{E409750D-7601-46F6-AA6E-DF5786FB7AFA}.Debug|Any CPU.Build.0 = Debug|Any CPU
		{E409750D-7601-46F6-AA6E-DF5786FB7AFA}.Release|Any CPU.ActiveCfg = Release|Any CPU
		{E409750D-7601-46F6-AA6E-DF5786FB7AFA}.Release|Any CPU.Build.0 = Release|Any CPU
	EndGlobalSection
	GlobalSection(SolutionProperties) = preSolution
		HideSolutionNode = FALSE
	EndGlobalSection
	GlobalSection(ExtensibilityGlobals) = postSolution
		SolutionGuid = {C4CEA11E-1D14-481E-9FC7-56E0E05C1D70}
	EndGlobalSection
EndGlobal
